// !$*UTF8*$!
{
	archiveVersion = 1;
	classes = {
	};
	objectVersion = 46;
	objects = {

/* Begin PBXBuildFile section */
		0247177C1E9F6D6300451145 /* LSPopTransition.swift in Sources */ = {isa = PBXBuildFile; fileRef = 0247177B1E9F6D6300451145 /* LSPopTransition.swift */; };
		0247177E1EA06B1D00451145 /* LSNavigationControllerDelegate.swift in Sources */ = {isa = PBXBuildFile; fileRef = 0247177D1EA06B1D00451145 /* LSNavigationControllerDelegate.swift */; };
		027E00161EA0AA3D002A423C /* PresentViewController.swift in Sources */ = {isa = PBXBuildFile; fileRef = 027E00151EA0AA3D002A423C /* PresentViewController.swift */; };
		027E00181EA0AA50002A423C /* DismissViewController.swift in Sources */ = {isa = PBXBuildFile; fileRef = 027E00171EA0AA50002A423C /* DismissViewController.swift */; };
		027E001A1EA0B41B002A423C /* LSPresentTransition.swift in Sources */ = {isa = PBXBuildFile; fileRef = 027E00191EA0B41B002A423C /* LSPresentTransition.swift */; };
		027E001C1EA0B42D002A423C /* LSDismissTransition.swift in Sources */ = {isa = PBXBuildFile; fileRef = 027E001B1EA0B42D002A423C /* LSDismissTransition.swift */; };
		02C23E3D1E9B8E2400777AC6 /* AppDelegate.swift in Sources */ = {isa = PBXBuildFile; fileRef = 02C23E3C1E9B8E2400777AC6 /* AppDelegate.swift */; };
		02C23E3F1E9B8E2400777AC6 /* HomeViewController.swift in Sources */ = {isa = PBXBuildFile; fileRef = 02C23E3E1E9B8E2400777AC6 /* HomeViewController.swift */; };
		02C23E421E9B8E2400777AC6 /* Main.storyboard in Resources */ = {isa = PBXBuildFile; fileRef = 02C23E401E9B8E2400777AC6 /* Main.storyboard */; };
		02C23E441E9B8E2400777AC6 /* Assets.xcassets in Resources */ = {isa = PBXBuildFile; fileRef = 02C23E431E9B8E2400777AC6 /* Assets.xcassets */; };
		02C23E471E9B8E2400777AC6 /* LaunchScreen.storyboard in Resources */ = {isa = PBXBuildFile; fileRef = 02C23E451E9B8E2400777AC6 /* LaunchScreen.storyboard */; };
		02C23E521E9B8E2400777AC6 /* LSSwiftTransitonAnimationsTests.swift in Sources */ = {isa = PBXBuildFile; fileRef = 02C23E511E9B8E2400777AC6 /* LSSwiftTransitonAnimationsTests.swift */; };
		02C23E5D1E9B8E2400777AC6 /* LSSwiftTransitonAnimationsUITests.swift in Sources */ = {isa = PBXBuildFile; fileRef = 02C23E5C1E9B8E2400777AC6 /* LSSwiftTransitonAnimationsUITests.swift */; };
		02C23E6E1E9CBA7C00777AC6 /* PushViewController.swift in Sources */ = {isa = PBXBuildFile; fileRef = 02C23E6D1E9CBA7C00777AC6 /* PushViewController.swift */; };
		02C23E701E9CBA8700777AC6 /* ToViewController.swift in Sources */ = {isa = PBXBuildFile; fileRef = 02C23E6F1E9CBA8700777AC6 /* ToViewController.swift */; };
		02C23E721E9CBE3900777AC6 /* LSTransition.swift in Sources */ = {isa = PBXBuildFile; fileRef = 02C23E711E9CBE3900777AC6 /* LSTransition.swift */; };
		02C23EC01E9E2BEC00777AC6 /* LSCollectionCell.swift in Sources */ = {isa = PBXBuildFile; fileRef = 02C23EBF1E9E2BEC00777AC6 /* LSCollectionCell.swift */; };
		02C23EC91E9E2C2100777AC6 /* Dosis-Bold.otf in Resources */ = {isa = PBXBuildFile; fileRef = 02C23EC21E9E2C2100777AC6 /* Dosis-Bold.otf */; };
		02C23ECA1E9E2C2100777AC6 /* Dosis-ExtraBold.otf in Resources */ = {isa = PBXBuildFile; fileRef = 02C23EC31E9E2C2100777AC6 /* Dosis-ExtraBold.otf */; };
		02C23ECB1E9E2C2100777AC6 /* Dosis-ExtraLight.otf in Resources */ = {isa = PBXBuildFile; fileRef = 02C23EC41E9E2C2100777AC6 /* Dosis-ExtraLight.otf */; };
		02C23ECC1E9E2C2100777AC6 /* Dosis-Light.otf in Resources */ = {isa = PBXBuildFile; fileRef = 02C23EC51E9E2C2100777AC6 /* Dosis-Light.otf */; };
		02C23ECD1E9E2C2100777AC6 /* Dosis-Medium.otf in Resources */ = {isa = PBXBuildFile; fileRef = 02C23EC61E9E2C2100777AC6 /* Dosis-Medium.otf */; };
		02C23ECE1E9E2C2100777AC6 /* Dosis-Regular.otf in Resources */ = {isa = PBXBuildFile; fileRef = 02C23EC71E9E2C2100777AC6 /* Dosis-Regular.otf */; };
		02C23ECF1E9E2C2100777AC6 /* Dosis-SemiBold.otf in Resources */ = {isa = PBXBuildFile; fileRef = 02C23EC81E9E2C2100777AC6 /* Dosis-SemiBold.otf */; };
		02C23ED21E9E2DE900777AC6 /* LSColor.swift in Sources */ = {isa = PBXBuildFile; fileRef = 02C23ED11E9E2DE900777AC6 /* LSColor.swift */; };
/* End PBXBuildFile section */

/* Begin PBXContainerItemProxy section */
		02C23E4E1E9B8E2400777AC6 /* PBXContainerItemProxy */ = {
			isa = PBXContainerItemProxy;
			containerPortal = 02C23E311E9B8E2400777AC6 /* Project object */;
			proxyType = 1;
			remoteGlobalIDString = 02C23E381E9B8E2400777AC6;
			remoteInfo = LSSwiftTransitonAnimations;
		};
		02C23E591E9B8E2400777AC6 /* PBXContainerItemProxy */ = {
			isa = PBXContainerItemProxy;
			containerPortal = 02C23E311E9B8E2400777AC6 /* Project object */;
			proxyType = 1;
			remoteGlobalIDString = 02C23E381E9B8E2400777AC6;
			remoteInfo = LSSwiftTransitonAnimations;
		};
/* End PBXContainerItemProxy section */

/* Begin PBXFileReference section */
		0247177B1E9F6D6300451145 /* LSPopTransition.swift */ = {isa = PBXFileReference; fileEncoding = 4; lastKnownFileType = sourcecode.swift; path = LSPopTransition.swift; sourceTree = "<group>"; };
		0247177D1EA06B1D00451145 /* LSNavigationControllerDelegate.swift */ = {isa = PBXFileReference; fileEncoding = 4; lastKnownFileType = sourcecode.swift; path = LSNavigationControllerDelegate.swift; sourceTree = "<group>"; };
		027E00151EA0AA3D002A423C /* PresentViewController.swift */ = {isa = PBXFileReference; fileEncoding = 4; lastKnownFileType = sourcecode.swift; path = PresentViewController.swift; sourceTree = "<group>"; };
		027E00171EA0AA50002A423C /* DismissViewController.swift */ = {isa = PBXFileReference; fileEncoding = 4; lastKnownFileType = sourcecode.swift; path = DismissViewController.swift; sourceTree = "<group>"; };
		027E00191EA0B41B002A423C /* LSPresentTransition.swift */ = {isa = PBXFileReference; fileEncoding = 4; lastKnownFileType = sourcecode.swift; path = LSPresentTransition.swift; sourceTree = "<group>"; };
		027E001B1EA0B42D002A423C /* LSDismissTransition.swift */ = {isa = PBXFileReference; fileEncoding = 4; lastKnownFileType = sourcecode.swift; path = LSDismissTransition.swift; sourceTree = "<group>"; };
		02C23E391E9B8E2400777AC6 /* LSSwiftTransitonAnimations.app */ = {isa = PBXFileReference; explicitFileType = wrapper.application; includeInIndex = 0; path = LSSwiftTransitonAnimations.app; sourceTree = BUILT_PRODUCTS_DIR; };
		02C23E3C1E9B8E2400777AC6 /* AppDelegate.swift */ = {isa = PBXFileReference; lastKnownFileType = sourcecode.swift; path = AppDelegate.swift; sourceTree = "<group>"; };
		02C23E3E1E9B8E2400777AC6 /* HomeViewController.swift */ = {isa = PBXFileReference; lastKnownFileType = sourcecode.swift; path = HomeViewController.swift; sourceTree = "<group>"; };
		02C23E411E9B8E2400777AC6 /* Base */ = {isa = PBXFileReference; lastKnownFileType = file.storyboard; name = Base; path = Base.lproj/Main.storyboard; sourceTree = "<group>"; };
		02C23E431E9B8E2400777AC6 /* Assets.xcassets */ = {isa = PBXFileReference; lastKnownFileType = folder.assetcatalog; path = Assets.xcassets; sourceTree = "<group>"; };
		02C23E461E9B8E2400777AC6 /* Base */ = {isa = PBXFileReference; lastKnownFileType = file.storyboard; name = Base; path = Base.lproj/LaunchScreen.storyboard; sourceTree = "<group>"; };
		02C23E481E9B8E2400777AC6 /* Info.plist */ = {isa = PBXFileReference; lastKnownFileType = text.plist.xml; path = Info.plist; sourceTree = "<group>"; };
		02C23E4D1E9B8E2400777AC6 /* LSSwiftTransitonAnimationsTests.xctest */ = {isa = PBXFileReference; explicitFileType = wrapper.cfbundle; includeInIndex = 0; path = LSSwiftTransitonAnimationsTests.xctest; sourceTree = BUILT_PRODUCTS_DIR; };
		02C23E511E9B8E2400777AC6 /* LSSwiftTransitonAnimationsTests.swift */ = {isa = PBXFileReference; lastKnownFileType = sourcecode.swift; path = LSSwiftTransitonAnimationsTests.swift; sourceTree = "<group>"; };
		02C23E531E9B8E2400777AC6 /* Info.plist */ = {isa = PBXFileReference; lastKnownFileType = text.plist.xml; path = Info.plist; sourceTree = "<group>"; };
		02C23E581E9B8E2400777AC6 /* LSSwiftTransitonAnimationsUITests.xctest */ = {isa = PBXFileReference; explicitFileType = wrapper.cfbundle; includeInIndex = 0; path = LSSwiftTransitonAnimationsUITests.xctest; sourceTree = BUILT_PRODUCTS_DIR; };
		02C23E5C1E9B8E2400777AC6 /* LSSwiftTransitonAnimationsUITests.swift */ = {isa = PBXFileReference; lastKnownFileType = sourcecode.swift; path = LSSwiftTransitonAnimationsUITests.swift; sourceTree = "<group>"; };
		02C23E5E1E9B8E2400777AC6 /* Info.plist */ = {isa = PBXFileReference; lastKnownFileType = text.plist.xml; path = Info.plist; sourceTree = "<group>"; };
		02C23E6D1E9CBA7C00777AC6 /* PushViewController.swift */ = {isa = PBXFileReference; fileEncoding = 4; lastKnownFileType = sourcecode.swift; path = PushViewController.swift; sourceTree = "<group>"; };
		02C23E6F1E9CBA8700777AC6 /* ToViewController.swift */ = {isa = PBXFileReference; fileEncoding = 4; lastKnownFileType = sourcecode.swift; path = ToViewController.swift; sourceTree = "<group>"; };
		02C23E711E9CBE3900777AC6 /* LSTransition.swift */ = {isa = PBXFileReference; fileEncoding = 4; lastKnownFileType = sourcecode.swift; path = LSTransition.swift; sourceTree = "<group>"; };
		02C23EBF1E9E2BEC00777AC6 /* LSCollectionCell.swift */ = {isa = PBXFileReference; fileEncoding = 4; lastKnownFileType = sourcecode.swift; path = LSCollectionCell.swift; sourceTree = "<group>"; };
		02C23EC21E9E2C2100777AC6 /* Dosis-Bold.otf */ = {isa = PBXFileReference; lastKnownFileType = file; path = "Dosis-Bold.otf"; sourceTree = "<group>"; };
		02C23EC31E9E2C2100777AC6 /* Dosis-ExtraBold.otf */ = {isa = PBXFileReference; lastKnownFileType = file; path = "Dosis-ExtraBold.otf"; sourceTree = "<group>"; };
		02C23EC41E9E2C2100777AC6 /* Dosis-ExtraLight.otf */ = {isa = PBXFileReference; lastKnownFileType = file; path = "Dosis-ExtraLight.otf"; sourceTree = "<group>"; };
		02C23EC51E9E2C2100777AC6 /* Dosis-Light.otf */ = {isa = PBXFileReference; lastKnownFileType = file; path = "Dosis-Light.otf"; sourceTree = "<group>"; };
		02C23EC61E9E2C2100777AC6 /* Dosis-Medium.otf */ = {isa = PBXFileReference; lastKnownFileType = file; path = "Dosis-Medium.otf"; sourceTree = "<group>"; };
		02C23EC71E9E2C2100777AC6 /* Dosis-Regular.otf */ = {isa = PBXFileReference; lastKnownFileType = file; path = "Dosis-Regular.otf"; sourceTree = "<group>"; };
		02C23EC81E9E2C2100777AC6 /* Dosis-SemiBold.otf */ = {isa = PBXFileReference; lastKnownFileType = file; path = "Dosis-SemiBold.otf"; sourceTree = "<group>"; };
		02C23ED11E9E2DE900777AC6 /* LSColor.swift */ = {isa = PBXFileReference; fileEncoding = 4; lastKnownFileType = sourcecode.swift; path = LSColor.swift; sourceTree = "<group>"; };
/* End PBXFileReference section */

/* Begin PBXFrameworksBuildPhase section */
		02C23E361E9B8E2400777AC6 /* Frameworks */ = {
			isa = PBXFrameworksBuildPhase;
			buildActionMask = 2147483647;
			files = (
			);
			runOnlyForDeploymentPostprocessing = 0;
		};
		02C23E4A1E9B8E2400777AC6 /* Frameworks */ = {
			isa = PBXFrameworksBuildPhase;
			buildActionMask = 2147483647;
			files = (
			);
			runOnlyForDeploymentPostprocessing = 0;
		};
		02C23E551E9B8E2400777AC6 /* Frameworks */ = {
			isa = PBXFrameworksBuildPhase;
			buildActionMask = 2147483647;
			files = (
			);
			runOnlyForDeploymentPostprocessing = 0;
		};
/* End PBXFrameworksBuildPhase section */

/* Begin PBXGroup section */
		024717801EA079AB00451145 /* LSTransition */ = {
			isa = PBXGroup;
			children = (
				0247177D1EA06B1D00451145 /* LSNavigationControllerDelegate.swift */,
			);
			name = LSTransition;
			sourceTree = "<group>";
		};
		02C23E301E9B8E2400777AC6 = {
			isa = PBXGroup;
			children = (
				02C23E3B1E9B8E2400777AC6 /* LSSwiftTransitonAnimations */,
				02C23E501E9B8E2400777AC6 /* LSSwiftTransitonAnimationsTests */,
				02C23E5B1E9B8E2400777AC6 /* LSSwiftTransitonAnimationsUITests */,
				02C23E3A1E9B8E2400777AC6 /* Products */,
			);
			sourceTree = "<group>";
		};
		02C23E3A1E9B8E2400777AC6 /* Products */ = {
			isa = PBXGroup;
			children = (
				02C23E391E9B8E2400777AC6 /* LSSwiftTransitonAnimations.app */,
				02C23E4D1E9B8E2400777AC6 /* LSSwiftTransitonAnimationsTests.xctest */,
				02C23E581E9B8E2400777AC6 /* LSSwiftTransitonAnimationsUITests.xctest */,
			);
			name = Products;
			sourceTree = "<group>";
		};
		02C23E3B1E9B8E2400777AC6 /* LSSwiftTransitonAnimations */ = {
			isa = PBXGroup;
			children = (
				02C23E3C1E9B8E2400777AC6 /* AppDelegate.swift */,
				02C23E3E1E9B8E2400777AC6 /* HomeViewController.swift */,
				024717801EA079AB00451145 /* LSTransition */,
				02C23E6C1E9CAA7500777AC6 /* segue */,
				02C23E6B1E9CAA6A00777AC6 /* modal */,
				02C23E6A1E9CAA5D00777AC6 /* push&pop */,
				02C23EC11E9E2C2100777AC6 /* Fonts */,
				02C23ED01E9E2DC200777AC6 /* Extension */,
				02C23E401E9B8E2400777AC6 /* Main.storyboard */,
				02C23E431E9B8E2400777AC6 /* Assets.xcassets */,
				02C23E451E9B8E2400777AC6 /* LaunchScreen.storyboard */,
				02C23E481E9B8E2400777AC6 /* Info.plist */,
			);
			path = LSSwiftTransitonAnimations;
			sourceTree = "<group>";
		};
		02C23E501E9B8E2400777AC6 /* LSSwiftTransitonAnimationsTests */ = {
			isa = PBXGroup;
			children = (
				02C23E511E9B8E2400777AC6 /* LSSwiftTransitonAnimationsTests.swift */,
				02C23E531E9B8E2400777AC6 /* Info.plist */,
			);
			path = LSSwiftTransitonAnimationsTests;
			sourceTree = "<group>";
		};
		02C23E5B1E9B8E2400777AC6 /* LSSwiftTransitonAnimationsUITests */ = {
			isa = PBXGroup;
			children = (
				02C23E5C1E9B8E2400777AC6 /* LSSwiftTransitonAnimationsUITests.swift */,
				02C23E5E1E9B8E2400777AC6 /* Info.plist */,
			);
			path = LSSwiftTransitonAnimationsUITests;
			sourceTree = "<group>";
		};
		02C23E6A1E9CAA5D00777AC6 /* push&pop */ = {
			isa = PBXGroup;
			children = (
				02C23E6D1E9CBA7C00777AC6 /* PushViewController.swift */,
				02C23EBF1E9E2BEC00777AC6 /* LSCollectionCell.swift */,
				02C23E6F1E9CBA8700777AC6 /* ToViewController.swift */,
				02C23E711E9CBE3900777AC6 /* LSTransition.swift */,
				0247177B1E9F6D6300451145 /* LSPopTransition.swift */,
			);
			name = "push&pop";
			sourceTree = "<group>";
		};
		02C23E6B1E9CAA6A00777AC6 /* modal */ = {
			isa = PBXGroup;
			children = (
				027E00151EA0AA3D002A423C /* PresentViewController.swift */,
				027E00171EA0AA50002A423C /* DismissViewController.swift */,
				027E00191EA0B41B002A423C /* LSPresentTransition.swift */,
				027E001B1EA0B42D002A423C /* LSDismissTransition.swift */,
			);
			name = modal;
			sourceTree = "<group>";
		};
		02C23E6C1E9CAA7500777AC6 /* segue */ = {
			isa = PBXGroup;
			children = (
			);
			name = segue;
			sourceTree = "<group>";
		};
		02C23EC11E9E2C2100777AC6 /* Fonts */ = {
			isa = PBXGroup;
			children = (
				02C23EC21E9E2C2100777AC6 /* Dosis-Bold.otf */,
				02C23EC31E9E2C2100777AC6 /* Dosis-ExtraBold.otf */,
				02C23EC41E9E2C2100777AC6 /* Dosis-ExtraLight.otf */,
				02C23EC51E9E2C2100777AC6 /* Dosis-Light.otf */,
				02C23EC61E9E2C2100777AC6 /* Dosis-Medium.otf */,
				02C23EC71E9E2C2100777AC6 /* Dosis-Regular.otf */,
				02C23EC81E9E2C2100777AC6 /* Dosis-SemiBold.otf */,
			);
			path = Fonts;
			sourceTree = "<group>";
		};
		02C23ED01E9E2DC200777AC6 /* Extension */ = {
			isa = PBXGroup;
			children = (
				02C23ED11E9E2DE900777AC6 /* LSColor.swift */,
			);
			name = Extension;
			sourceTree = "<group>";
		};
/* End PBXGroup section */

/* Begin PBXNativeTarget section */
		02C23E381E9B8E2400777AC6 /* LSSwiftTransitonAnimations */ = {
			isa = PBXNativeTarget;
			buildConfigurationList = 02C23E611E9B8E2400777AC6 /* Build configuration list for PBXNativeTarget "LSSwiftTransitonAnimations" */;
			buildPhases = (
				02C23E351E9B8E2400777AC6 /* Sources */,
				02C23E361E9B8E2400777AC6 /* Frameworks */,
				02C23E371E9B8E2400777AC6 /* Resources */,
			);
			buildRules = (
			);
			dependencies = (
			);
			name = LSSwiftTransitonAnimations;
			productName = LSSwiftTransitonAnimations;
			productReference = 02C23E391E9B8E2400777AC6 /* LSSwiftTransitonAnimations.app */;
			productType = "com.apple.product-type.application";
		};
		02C23E4C1E9B8E2400777AC6 /* LSSwiftTransitonAnimationsTests */ = {
			isa = PBXNativeTarget;
			buildConfigurationList = 02C23E641E9B8E2400777AC6 /* Build configuration list for PBXNativeTarget "LSSwiftTransitonAnimationsTests" */;
			buildPhases = (
				02C23E491E9B8E2400777AC6 /* Sources */,
				02C23E4A1E9B8E2400777AC6 /* Frameworks */,
				02C23E4B1E9B8E2400777AC6 /* Resources */,
			);
			buildRules = (
			);
			dependencies = (
				02C23E4F1E9B8E2400777AC6 /* PBXTargetDependency */,
			);
			name = LSSwiftTransitonAnimationsTests;
			productName = LSSwiftTransitonAnimationsTests;
			productReference = 02C23E4D1E9B8E2400777AC6 /* LSSwiftTransitonAnimationsTests.xctest */;
			productType = "com.apple.product-type.bundle.unit-test";
		};
		02C23E571E9B8E2400777AC6 /* LSSwiftTransitonAnimationsUITests */ = {
			isa = PBXNativeTarget;
			buildConfigurationList = 02C23E671E9B8E2400777AC6 /* Build configuration list for PBXNativeTarget "LSSwiftTransitonAnimationsUITests" */;
			buildPhases = (
				02C23E541E9B8E2400777AC6 /* Sources */,
				02C23E551E9B8E2400777AC6 /* Frameworks */,
				02C23E561E9B8E2400777AC6 /* Resources */,
			);
			buildRules = (
			);
			dependencies = (
				02C23E5A1E9B8E2400777AC6 /* PBXTargetDependency */,
			);
			name = LSSwiftTransitonAnimationsUITests;
			productName = LSSwiftTransitonAnimationsUITests;
			productReference = 02C23E581E9B8E2400777AC6 /* LSSwiftTransitonAnimationsUITests.xctest */;
			productType = "com.apple.product-type.bundle.ui-testing";
		};
/* End PBXNativeTarget section */

/* Begin PBXProject section */
		02C23E311E9B8E2400777AC6 /* Project object */ = {
			isa = PBXProject;
			attributes = {
				LastSwiftUpdateCheck = 0800;
				LastUpgradeCheck = 0800;
				ORGANIZATIONNAME = liusui;
				TargetAttributes = {
					02C23E381E9B8E2400777AC6 = {
						CreatedOnToolsVersion = 8.0;
						DevelopmentTeam = B776K2M49T;
						ProvisioningStyle = Automatic;
					};
					02C23E4C1E9B8E2400777AC6 = {
						CreatedOnToolsVersion = 8.0;
						DevelopmentTeam = B776K2M49T;
						ProvisioningStyle = Automatic;
						TestTargetID = 02C23E381E9B8E2400777AC6;
					};
					02C23E571E9B8E2400777AC6 = {
						CreatedOnToolsVersion = 8.0;
						DevelopmentTeam = B776K2M49T;
						ProvisioningStyle = Automatic;
						TestTargetID = 02C23E381E9B8E2400777AC6;
					};
				};
			};
			buildConfigurationList = 02C23E341E9B8E2400777AC6 /* Build configuration list for PBXProject "LSSwiftTransitonAnimations" */;
			compatibilityVersion = "Xcode 3.2";
			developmentRegion = English;
			hasScannedForEncodings = 0;
			knownRegions = (
				en,
				Base,
			);
			mainGroup = 02C23E301E9B8E2400777AC6;
			productRefGroup = 02C23E3A1E9B8E2400777AC6 /* Products */;
			projectDirPath = "";
			projectRoot = "";
			targets = (
				02C23E381E9B8E2400777AC6 /* LSSwiftTransitonAnimations */,
				02C23E4C1E9B8E2400777AC6 /* LSSwiftTransitonAnimationsTests */,
				02C23E571E9B8E2400777AC6 /* LSSwiftTransitonAnimationsUITests */,
			);
		};
/* End PBXProject section */

/* Begin PBXResourcesBuildPhase section */
		02C23E371E9B8E2400777AC6 /* Resources */ = {
			isa = PBXResourcesBuildPhase;
			buildActionMask = 2147483647;
			files = (
				02C23E471E9B8E2400777AC6 /* LaunchScreen.storyboard in Resources */,
				02C23ECE1E9E2C2100777AC6 /* Dosis-Regular.otf in Resources */,
				02C23ECF1E9E2C2100777AC6 /* Dosis-SemiBold.otf in Resources */,
				02C23ECB1E9E2C2100777AC6 /* Dosis-ExtraLight.otf in Resources */,
				02C23E441E9B8E2400777AC6 /* Assets.xcassets in Resources */,
				02C23ECD1E9E2C2100777AC6 /* Dosis-Medium.otf in Resources */,
				02C23E421E9B8E2400777AC6 /* Main.storyboard in Resources */,
				02C23ECC1E9E2C2100777AC6 /* Dosis-Light.otf in Resources */,
				02C23ECA1E9E2C2100777AC6 /* Dosis-ExtraBold.otf in Resources */,
				02C23EC91E9E2C2100777AC6 /* Dosis-Bold.otf in Resources */,
			);
			runOnlyForDeploymentPostprocessing = 0;
		};
		02C23E4B1E9B8E2400777AC6 /* Resources */ = {
			isa = PBXResourcesBuildPhase;
			buildActionMask = 2147483647;
			files = (
			);
			runOnlyForDeploymentPostprocessing = 0;
		};
		02C23E561E9B8E2400777AC6 /* Resources */ = {
			isa = PBXResourcesBuildPhase;
			buildActionMask = 2147483647;
			files = (
			);
			runOnlyForDeploymentPostprocessing = 0;
		};
/* End PBXResourcesBuildPhase section */

/* Begin PBXSourcesBuildPhase section */
		02C23E351E9B8E2400777AC6 /* Sources */ = {
			isa = PBXSourcesBuildPhase;
			buildActionMask = 2147483647;
			files = (
				02C23E3F1E9B8E2400777AC6 /* HomeViewController.swift in Sources */,
				0247177C1E9F6D6300451145 /* LSPopTransition.swift in Sources */,
				027E00161EA0AA3D002A423C /* PresentViewController.swift in Sources */,
				02C23E3D1E9B8E2400777AC6 /* AppDelegate.swift in Sources */,
				02C23EC01E9E2BEC00777AC6 /* LSCollectionCell.swift in Sources */,
				0247177E1EA06B1D00451145 /* LSNavigationControllerDelegate.swift in Sources */,
				027E001C1EA0B42D002A423C /* LSDismissTransition.swift in Sources */,
				027E00181EA0AA50002A423C /* DismissViewController.swift in Sources */,
				027E001A1EA0B41B002A423C /* LSPresentTransition.swift in Sources */,
				02C23E721E9CBE3900777AC6 /* LSTransition.swift in Sources */,
				02C23E6E1E9CBA7C00777AC6 /* PushViewController.swift in Sources */,
				02C23E701E9CBA8700777AC6 /* ToViewController.swift in Sources */,
				02C23ED21E9E2DE900777AC6 /* LSColor.swift in Sources */,
			);
			runOnlyForDeploymentPostprocessing = 0;
		};
		02C23E491E9B8E2400777AC6 /* Sources */ = {
			isa = PBXSourcesBuildPhase;
			buildActionMask = 2147483647;
			files = (
				02C23E521E9B8E2400777AC6 /* LSSwiftTransitonAnimationsTests.swift in Sources */,
			);
			runOnlyForDeploymentPostprocessing = 0;
		};
		02C23E541E9B8E2400777AC6 /* Sources */ = {
			isa = PBXSourcesBuildPhase;
			buildActionMask = 2147483647;
			files = (
				02C23E5D1E9B8E2400777AC6 /* LSSwiftTransitonAnimationsUITests.swift in Sources */,
			);
			runOnlyForDeploymentPostprocessing = 0;
		};
/* End PBXSourcesBuildPhase section */

/* Begin PBXTargetDependency section */
		02C23E4F1E9B8E2400777AC6 /* PBXTargetDependency */ = {
			isa = PBXTargetDependency;
			target = 02C23E381E9B8E2400777AC6 /* LSSwiftTransitonAnimations */;
			targetProxy = 02C23E4E1E9B8E2400777AC6 /* PBXContainerItemProxy */;
		};
		02C23E5A1E9B8E2400777AC6 /* PBXTargetDependency */ = {
			isa = PBXTargetDependency;
			target = 02C23E381E9B8E2400777AC6 /* LSSwiftTransitonAnimations */;
			targetProxy = 02C23E591E9B8E2400777AC6 /* PBXContainerItemProxy */;
		};
/* End PBXTargetDependency section */

/* Begin PBXVariantGroup section */
		02C23E401E9B8E2400777AC6 /* Main.storyboard */ = {
			isa = PBXVariantGroup;
			children = (
				02C23E411E9B8E2400777AC6 /* Base */,
			);
			name = Main.storyboard;
			sourceTree = "<group>";
		};
		02C23E451E9B8E2400777AC6 /* LaunchScreen.storyboard */ = {
			isa = PBXVariantGroup;
			children = (
				02C23E461E9B8E2400777AC6 /* Base */,
			);
			name = LaunchScreen.storyboard;
			sourceTree = "<group>";
		};
/* End PBXVariantGroup section */

/* Begin XCBuildConfiguration section */
		02C23E5F1E9B8E2400777AC6 /* Debug */ = {
			isa = XCBuildConfiguration;
			buildSettings = {
				ALWAYS_SEARCH_USER_PATHS = NO;
				CLANG_ANALYZER_NONNULL = YES;
				CLANG_CXX_LANGUAGE_STANDARD = "gnu++0x";
				CLANG_CXX_LIBRARY = "libc++";
				CLANG_ENABLE_MODULES = YES;
				CLANG_ENABLE_OBJC_ARC = YES;
				CLANG_WARN_BOOL_CONVERSION = YES;
				CLANG_WARN_CONSTANT_CONVERSION = YES;
				CLANG_WARN_DIRECT_OBJC_ISA_USAGE = YES_ERROR;
				CLANG_WARN_DOCUMENTATION_COMMENTS = YES;
				CLANG_WARN_EMPTY_BODY = YES;
				CLANG_WARN_ENUM_CONVERSION = YES;
				CLANG_WARN_INFINITE_RECURSION = YES;
				CLANG_WARN_INT_CONVERSION = YES;
				CLANG_WARN_OBJC_ROOT_CLASS = YES_ERROR;
				CLANG_WARN_SUSPICIOUS_MOVES = YES;
				CLANG_WARN_UNREACHABLE_CODE = YES;
				CLANG_WARN__DUPLICATE_METHOD_MATCH = YES;
				"CODE_SIGN_IDENTITY[sdk=iphoneos*]" = "iPhone Developer";
				COPY_PHASE_STRIP = NO;
				DEBUG_INFORMATION_FORMAT = dwarf;
				ENABLE_STRICT_OBJC_MSGSEND = YES;
				ENABLE_TESTABILITY = YES;
				GCC_C_LANGUAGE_STANDARD = gnu99;
				GCC_DYNAMIC_NO_PIC = NO;
				GCC_NO_COMMON_BLOCKS = YES;
				GCC_OPTIMIZATION_LEVEL = 0;
				GCC_PREPROCESSOR_DEFINITIONS = (
					"DEBUG=1",
					"$(inherited)",
				);
				GCC_WARN_64_TO_32_BIT_CONVERSION = YES;
				GCC_WARN_ABOUT_RETURN_TYPE = YES_ERROR;
				GCC_WARN_UNDECLARED_SELECTOR = YES;
				GCC_WARN_UNINITIALIZED_AUTOS = YES_AGGRESSIVE;
				GCC_WARN_UNUSED_FUNCTION = YES;
				GCC_WARN_UNUSED_VARIABLE = YES;
				IPHONEOS_DEPLOYMENT_TARGET = 10.0;
				MTL_ENABLE_DEBUG_INFO = YES;
				ONLY_ACTIVE_ARCH = YES;
				SDKROOT = iphoneos;
				SWIFT_ACTIVE_COMPILATION_CONDITIONS = DEBUG;
				SWIFT_OPTIMIZATION_LEVEL = "-Onone";
				TARGETED_DEVICE_FAMILY = "1,2";
			};
			name = Debug;
		};
		02C23E601E9B8E2400777AC6 /* Release */ = {
			isa = XCBuildConfiguration;
			buildSettings = {
				ALWAYS_SEARCH_USER_PATHS = NO;
				CLANG_ANALYZER_NONNULL = YES;
				CLANG_CXX_LANGUAGE_STANDARD = "gnu++0x";
				CLANG_CXX_LIBRARY = "libc++";
				CLANG_ENABLE_MODULES = YES;
				CLANG_ENABLE_OBJC_ARC = YES;
				CLANG_WARN_BOOL_CONVERSION = YES;
				CLANG_WARN_CONSTANT_CONVERSION = YES;
				CLANG_WARN_DIRECT_OBJC_ISA_USAGE = YES_ERROR;
				CLANG_WARN_DOCUMENTATION_COMMENTS = YES;
				CLANG_WARN_EMPTY_BODY = YES;
				CLANG_WARN_ENUM_CONVERSION = YES;
				CLANG_WARN_INFINITE_RECURSION = YES;
				CLANG_WARN_INT_CONVERSION = YES;
				CLANG_WARN_OBJC_ROOT_CLASS = YES_ERROR;
				CLANG_WARN_SUSPICIOUS_MOVES = YES;
				CLANG_WARN_UNREACHABLE_CODE = YES;
				CLANG_WARN__DUPLICATE_METHOD_MATCH = YES;
				"CODE_SIGN_IDENTITY[sdk=iphoneos*]" = "iPhone Developer";
				COPY_PHASE_STRIP = NO;
				DEBUG_INFORMATION_FORMAT = "dwarf-with-dsym";
				ENABLE_NS_ASSERTIONS = NO;
				ENABLE_STRICT_OBJC_MSGSEND = YES;
				GCC_C_LANGUAGE_STANDARD = gnu99;
				GCC_NO_COMMON_BLOCKS = YES;
				GCC_WARN_64_TO_32_BIT_CONVERSION = YES;
				GCC_WARN_ABOUT_RETURN_TYPE = YES_ERROR;
				GCC_WARN_UNDECLARED_SELECTOR = YES;
				GCC_WARN_UNINITIALIZED_AUTOS = YES_AGGRESSIVE;
				GCC_WARN_UNUSED_FUNCTION = YES;
				GCC_WARN_UNUSED_VARIABLE = YES;
				IPHONEOS_DEPLOYMENT_TARGET = 10.0;
				MTL_ENABLE_DEBUG_INFO = NO;
				SDKROOT = iphoneos;
				SWIFT_OPTIMIZATION_LEVEL = "-Owholemodule";
				TARGETED_DEVICE_FAMILY = "1,2";
				VALIDATE_PRODUCT = YES;
			};
			name = Release;
		};
		02C23E621E9B8E2400777AC6 /* Debug */ = {
			isa = XCBuildConfiguration;
			buildSettings = {
				ASSETCATALOG_COMPILER_APPICON_NAME = AppIcon;
				DEVELOPMENT_TEAM = B776K2M49T;
				INFOPLIST_FILE = LSSwiftTransitonAnimations/Info.plist;
				LD_RUNPATH_SEARCH_PATHS = "$(inherited) @executable_path/Frameworks";
				PRODUCT_BUNDLE_IDENTIFIER = Liusui.LSSwiftTransitonAnimations;
				PRODUCT_NAME = "$(TARGET_NAME)";
				SWIFT_VERSION = 3.0;
			};
			name = Debug;
		};
		02C23E631E9B8E2400777AC6 /* Release */ = {
			isa = XCBuildConfiguration;
			buildSettings = {
				ASSETCATALOG_COMPILER_APPICON_NAME = AppIcon;
				DEVELOPMENT_TEAM = B776K2M49T;
				INFOPLIST_FILE = LSSwiftTransitonAnimations/Info.plist;
				LD_RUNPATH_SEARCH_PATHS = "$(inherited) @executable_path/Frameworks";
				PRODUCT_BUNDLE_IDENTIFIER = Liusui.LSSwiftTransitonAnimations;
				PRODUCT_NAME = "$(TARGET_NAME)";
				SWIFT_VERSION = 3.0;
			};
			name = Release;
		};
		02C23E651E9B8E2400777AC6 /* Debug */ = {
			isa = XCBuildConfiguration;
			buildSettings = {
				ALWAYS_EMBED_SWIFT_STANDARD_LIBRARIES = YES;
				BUNDLE_LOADER = "$(TEST_HOST)";
				DEVELOPMENT_TEAM = B776K2M49T;
				INFOPLIST_FILE = LSSwiftTransitonAnimationsTests/Info.plist;
				LD_RUNPATH_SEARCH_PATHS = "$(inherited) @executable_path/Frameworks @loader_path/Frameworks";
				PRODUCT_BUNDLE_IDENTIFIER = Liusui.LSSwiftTransitonAnimationsTests;
				PRODUCT_NAME = "$(TARGET_NAME)";
				SWIFT_VERSION = 3.0;
				TEST_HOST = "$(BUILT_PRODUCTS_DIR)/LSSwiftTransitonAnimations.app/LSSwiftTransitonAnimations";
			};
			name = Debug;
		};
		02C23E661E9B8E2400777AC6 /* Release */ = {
			isa = XCBuildConfiguration;
			buildSettings = {
				ALWAYS_EMBED_SWIFT_STANDARD_LIBRARIES = YES;
				BUNDLE_LOADER = "$(TEST_HOST)";
				DEVELOPMENT_TEAM = B776K2M49T;
				INFOPLIST_FILE = LSSwiftTransitonAnimationsTests/Info.plist;
				LD_RUNPATH_SEARCH_PATHS = "$(inherited) @executable_path/Frameworks @loader_path/Frameworks";
				PRODUCT_BUNDLE_IDENTIFIER = Liusui.LSSwiftTransitonAnimationsTests;
				PRODUCT_NAME = "$(TARGET_NAME)";
				SWIFT_VERSION = 3.0;
				TEST_HOST = "$(BUILT_PRODUCTS_DIR)/LSSwiftTransitonAnimations.app/LSSwiftTransitonAnimations";
			};
			name = Release;
		};
		02C23E681E9B8E2400777AC6 /* Debug */ = {
			isa = XCBuildConfiguration;
			buildSettings = {
				ALWAYS_EMBED_SWIFT_STANDARD_LIBRARIES = YES;
				DEVELOPMENT_TEAM = B776K2M49T;
				INFOPLIST_FILE = LSSwiftTransitonAnimationsUITests/Info.plist;
				LD_RUNPATH_SEARCH_PATHS = "$(inherited) @executable_path/Frameworks @loader_path/Frameworks";
				PRODUCT_BUNDLE_IDENTIFIER = Liusui.LSSwiftTransitonAnimationsUITests;
				PRODUCT_NAME = "$(TARGET_NAME)";
				SWIFT_VERSION = 3.0;
				TEST_TARGET_NAME = LSSwiftTransitonAnimations;
			};
			name = Debug;
		};
		02C23E691E9B8E2400777AC6 /* Release */ = {
			isa = XCBuildConfiguration;
			buildSettings = {
				ALWAYS_EMBED_SWIFT_STANDARD_LIBRARIES = YES;
				DEVELOPMENT_TEAM = B776K2M49T;
				INFOPLIST_FILE = LSSwiftTransitonAnimationsUITests/Info.plist;
				LD_RUNPATH_SEARCH_PATHS = "$(inherited) @executable_path/Frameworks @loader_path/Frameworks";
				PRODUCT_BUNDLE_IDENTIFIER = Liusui.LSSwiftTransitonAnimationsUITests;
				PRODUCT_NAME = "$(TARGET_NAME)";
				SWIFT_VERSION = 3.0;
				TEST_TARGET_NAME = LSSwiftTransitonAnimations;
			};
			name = Release;
		};
/* End XCBuildConfiguration section */

/* Begin XCConfigurationList section */
		02C23E341E9B8E2400777AC6 /* Build configuration list for PBXProject "LSSwiftTransitonAnimations" */ = {
			isa = XCConfigurationList;
			buildConfigurations = (
				02C23E5F1E9B8E2400777AC6 /* Debug */,
				02C23E601E9B8E2400777AC6 /* Release */,
			);
			defaultConfigurationIsVisible = 0;
			defaultConfigurationName = Release;
		};
		02C23E611E9B8E2400777AC6 /* Build configuration list for PBXNativeTarget "LSSwiftTransitonAnimations" */ = {
			isa = XCConfigurationList;
			buildConfigurations = (
				02C23E621E9B8E2400777AC6 /* Debug */,
				02C23E631E9B8E2400777AC6 /* Release */,
			);
			defaultConfigurationIsVisible = 0;
			defaultConfigurationName = Release;
		};
		02C23E641E9B8E2400777AC6 /* Build configuration list for PBXNativeTarget "LSSwiftTransitonAnimationsTests" */ = {
			isa = XCConfigurationList;
			buildConfigurations = (
				02C23E651E9B8E2400777AC6 /* Debug */,
				02C23E661E9B8E2400777AC6 /* Release */,
			);
			defaultConfigurationIsVisible = 0;
			defaultConfigurationName = Release;
		};
		02C23E671E9B8E2400777AC6 /* Build configuration list for PBXNativeTarget "LSSwiftTransitonAnimationsUITests" */ = {
			isa = XCConfigurationList;
			buildConfigurations = (
				02C23E681E9B8E2400777AC6 /* Debug */,
				02C23E691E9B8E2400777AC6 /* Release */,
			);
			defaultConfigurationIsVisible = 0;
			defaultConfigurationName = Release;
		};
/* End XCConfigurationList section */
	};
	rootObject = 02C23E311E9B8E2400777AC6 /* Project object */;
}
